// !$*UTF8*$!
{
	archiveVersion = 1;
	classes = {
	};
	objectVersion = 77;
	objects = {

/* Begin PBXBuildFile section */
		29564BF42E5A5A0D009688F7 /* RealityKitContent in Frameworks */ = {isa = PBXBuildFile; productRef = 29564BF32E5A5A0D009688F7 /* RealityKitContent */; };
/* End PBXBuildFile section */

/* Begin PBXContainerItemProxy section */
		29564C0B2E5A5A0D009688F7 /* PBXContainerItemProxy */ = {
			isa = PBXContainerItemProxy;
			containerPortal = 29564BE62E5A5A0D009688F7 /* Project object */;
			proxyType = 1;
			remoteGlobalIDString = 29564BED2E5A5A0D009688F7;
			remoteInfo = Data_Viz_Demo1;
		};
/* End PBXContainerItemProxy section */

/* Begin PBXFileReference section */
		29564BEE2E5A5A0D009688F7 /* Data_Viz_Demo1.app */ = {isa = PBXFileReference; explicitFileType = wrapper.application; includeInIndex = 0; path = Data_Viz_Demo1.app; sourceTree = BUILT_PRODUCTS_DIR; };
		29564BF22E5A5A0D009688F7 /* RealityKitContent */ = {isa = PBXFileReference; lastKnownFileType = wrapper; path = RealityKitContent; sourceTree = "<group>"; };
		29564C0A2E5A5A0D009688F7 /* Data_Viz_Demo1Tests.xctest */ = {isa = PBXFileReference; explicitFileType = wrapper.cfbundle; includeInIndex = 0; path = Data_Viz_Demo1Tests.xctest; sourceTree = BUILT_PRODUCTS_DIR; };
/* End PBXFileReference section */

/* Begin PBXFileSystemSynchronizedBuildFileExceptionSet section */
		29564C102E5A5A0D009688F7 /* Exceptions for "Data_Viz_Demo1" folder in "Data_Viz_Demo1" target */ = {
			isa = PBXFileSystemSynchronizedBuildFileExceptionSet;
			membershipExceptions = (
				Info.plist,
				"WorkingFiles/FinalDataRaw/number-of-estimated-paralytic-polio-cases-by-world-region.csv",
				"WorkingFiles/FinalDataRaw/number-of-estimated-paralytic-polio-cases-by-world-region.metadata.json",
				"WorkingFiles/FinalDataRaw/polio-vaccine-coverage-of-one-year-olds.csv",
				"WorkingFiles/FinalDataRaw/polio-vaccine-coverage-of-one-year-olds.metadata.json",
			);
			target = 29564BED2E5A5A0D009688F7 /* Data_Viz_Demo1 */;
		};
/* End PBXFileSystemSynchronizedBuildFileExceptionSet section */

/* Begin PBXFileSystemSynchronizedRootGroup section */
		29564BF02E5A5A0D009688F7 /* Data_Viz_Demo1 */ = {
			isa = PBXFileSystemSynchronizedRootGroup;
			exceptions = (
				29564C102E5A5A0D009688F7 /* Exceptions for "Data_Viz_Demo1" folder in "Data_Viz_Demo1" target */,
			);
			path = Data_Viz_Demo1;
			sourceTree = "<group>";
		};
		29564C0D2E5A5A0D009688F7 /* Data_Viz_Demo1Tests */ = {
			isa = PBXFileSystemSynchronizedRootGroup;
			path = Data_Viz_Demo1Tests;
			sourceTree = "<group>";
		};
/* End PBXFileSystemSynchronizedRootGroup section */

/* Begin PBXFrameworksBuildPhase section */
		29564BEB2E5A5A0D009688F7 /* Frameworks */ = {
			isa = PBXFrameworksBuildPhase;
			buildActionMask = 2147483647;
			files = (
				29564BF42E5A5A0D009688F7 /* RealityKitContent in Frameworks */,
			);
			runOnlyForDeploymentPostprocessing = 0;
		};
		29564C072E5A5A0D009688F7 /* Frameworks */ = {
			isa = PBXFrameworksBuildPhase;
			buildActionMask = 2147483647;
			files = (
			);
			runOnlyForDeploymentPostprocessing = 0;
		};
/* End PBXFrameworksBuildPhase section */

/* Begin PBXGroup section */
		29564BE52E5A5A0D009688F7 = {
			isa = PBXGroup;
			children = (
				29564BF02E5A5A0D009688F7 /* Data_Viz_Demo1 */,
				29564BF12E5A5A0D009688F7 /* Packages */,
				29564C0D2E5A5A0D009688F7 /* Data_Viz_Demo1Tests */,
				29564BEF2E5A5A0D009688F7 /* Products */,
			);
			sourceTree = "<group>";
		};
		29564BEF2E5A5A0D009688F7 /* Products */ = {
			isa = PBXGroup;
			children = (
				29564BEE2E5A5A0D009688F7 /* Data_Viz_Demo1.app */,
				29564C0A2E5A5A0D009688F7 /* Data_Viz_Demo1Tests.xctest */,
			);
			name = Products;
			sourceTree = "<group>";
		};
		29564BF12E5A5A0D009688F7 /* Packages */ = {
			isa = PBXGroup;
			children = (
				29564BF22E5A5A0D009688F7 /* RealityKitContent */,
			);
			path = Packages;
			sourceTree = "<group>";
		};
/* End PBXGroup section */

/* Begin PBXNativeTarget section */
		29564BED2E5A5A0D009688F7 /* Data_Viz_Demo1 */ = {
			isa = PBXNativeTarget;
			buildConfigurationList = 29564C112E5A5A0D009688F7 /* Build configuration list for PBXNativeTarget "Data_Viz_Demo1" */;
			buildPhases = (
				29564BEA2E5A5A0D009688F7 /* Sources */,
				29564BEB2E5A5A0D009688F7 /* Frameworks */,
				29564BEC2E5A5A0D009688F7 /* Resources */,
			);
			buildRules = (
			);
			dependencies = (
			);
			fileSystemSynchronizedGroups = (
				29564BF02E5A5A0D009688F7 /* Data_Viz_Demo1 */,
			);
			name = Data_Viz_Demo1;
			packageProductDependencies = (
				29564BF32E5A5A0D009688F7 /* RealityKitContent */,
			);
			productName = Data_Viz_Demo1;
			productReference = 29564BEE2E5A5A0D009688F7 /* Data_Viz_Demo1.app */;
			productType = "com.apple.product-type.application";
		};
		29564C092E5A5A0D009688F7 /* Data_Viz_Demo1Tests */ = {
			isa = PBXNativeTarget;
			buildConfigurationList = 29564C162E5A5A0D009688F7 /* Build configuration list for PBXNativeTarget "Data_Viz_Demo1Tests" */;
			buildPhases = (
				29564C062E5A5A0D009688F7 /* Sources */,
				29564C072E5A5A0D009688F7 /* Frameworks */,
				29564C082E5A5A0D009688F7 /* Resources */,
			);
			buildRules = (
			);
			dependencies = (
				29564C0C2E5A5A0D009688F7 /* PBXTargetDependency */,
			);
			fileSystemSynchronizedGroups = (
				29564C0D2E5A5A0D009688F7 /* Data_Viz_Demo1Tests */,
			);
			name = Data_Viz_Demo1Tests;
			packageProductDependencies = (
			);
			productName = Data_Viz_Demo1Tests;
			productReference = 29564C0A2E5A5A0D009688F7 /* Data_Viz_Demo1Tests.xctest */;
			productType = "com.apple.product-type.bundle.unit-test";
		};
/* End PBXNativeTarget section */

/* Begin PBXProject section */
		29564BE62E5A5A0D009688F7 /* Project object */ = {
			isa = PBXProject;
			attributes = {
				BuildIndependentTargetsInParallel = 1;
				LastSwiftUpdateCheck = 1640;
				LastUpgradeCheck = 1640;
				TargetAttributes = {
					29564BED2E5A5A0D009688F7 = {
						CreatedOnToolsVersion = 16.4;
					};
					29564C092E5A5A0D009688F7 = {
						CreatedOnToolsVersion = 16.4;
						TestTargetID = 29564BED2E5A5A0D009688F7;
					};
				};
			};
			buildConfigurationList = 29564BE92E5A5A0D009688F7 /* Build configuration list for PBXProject "Data_Viz_Demo1" */;
			developmentRegion = en;
			hasScannedForEncodings = 0;
			knownRegions = (
				en,
				Base,
			);
			mainGroup = 29564BE52E5A5A0D009688F7;
			minimizedProjectReferenceProxies = 1;
			preferredProjectObjectVersion = 77;
			productRefGroup = 29564BEF2E5A5A0D009688F7 /* Products */;
			projectDirPath = "";
			projectRoot = "";
			targets = (
				29564BED2E5A5A0D009688F7 /* Data_Viz_Demo1 */,
				29564C092E5A5A0D009688F7 /* Data_Viz_Demo1Tests */,
			);
		};
/* End PBXProject section */

/* Begin PBXResourcesBuildPhase section */
		29564BEC2E5A5A0D009688F7 /* Resources */ = {
			isa = PBXResourcesBuildPhase;
			buildActionMask = 2147483647;
			files = (
			);
			runOnlyForDeploymentPostprocessing = 0;
		};
		29564C082E5A5A0D009688F7 /* Resources */ = {
			isa = PBXResourcesBuildPhase;
			buildActionMask = 2147483647;
			files = (
			);
			runOnlyForDeploymentPostprocessing = 0;
		};
/* End PBXResourcesBuildPhase section */

/* Begin PBXSourcesBuildPhase section */
		29564BEA2E5A5A0D009688F7 /* Sources */ = {
			isa = PBXSourcesBuildPhase;
			buildActionMask = 2147483647;
			files = (
			);
			runOnlyForDeploymentPostprocessing = 0;
		};
		29564C062E5A5A0D009688F7 /* Sources */ = {
			isa = PBXSourcesBuildPhase;
			buildActionMask = 2147483647;
			files = (
			);
			runOnlyForDeploymentPostprocessing = 0;
		};
/* End PBXSourcesBuildPhase section */

/* Begin PBXTargetDependency section */
		29564C0C2E5A5A0D009688F7 /* PBXTargetDependency */ = {
			isa = PBXTargetDependency;
			target = 29564BED2E5A5A0D009688F7 /* Data_Viz_Demo1 */;
			targetProxy = 29564C0B2E5A5A0D009688F7 /* PBXContainerItemProxy */;
		};
/* End PBXTargetDependency section */

/* Begin XCBuildConfiguration section */
		29564C122E5A5A0D009688F7 /* Debug */ = {
			isa = XCBuildConfiguration;
			buildSettings = {
				ASSETCATALOG_COMPILER_APPICON_NAME = AppIcon;
				ASSETCATALOG_COMPILER_GLOBAL_ACCENT_COLOR_NAME = AccentColor;
				CODE_SIGN_STYLE = Automatic;
				CURRENT_PROJECT_VERSION = 1;
				DEVELOPMENT_TEAM = L7X7X7HL8F;
				ENABLE_PREVIEWS = YES;
				GENERATE_INFOPLIST_FILE = YES;
				INFOPLIST_FILE = "$(TARGET_NAME)/Info.plist";
				LD_RUNPATH_SEARCH_PATHS = (
					"$(inherited)",
					"@executable_path/Frameworks",
				);
				MARKETING_VERSION = 1.0;
				PRODUCT_BUNDLE_IDENTIFIER = "rem5.Data-Viz-Demo1";
				PRODUCT_NAME = "$(TARGET_NAME)";
				SUPPORTED_PLATFORMS = "xros xrsimulator";
				SWIFT_EMIT_LOC_STRINGS = YES;
				SWIFT_VERSION = 5.0;
				TARGETED_DEVICE_FAMILY = 7;
			};
			name = Debug;
		};
		29564C132E5A5A0D009688F7 /* Release */ = {
			isa = XCBuildConfiguration;
			buildSettings = {
				ASSETCATALOG_COMPILER_APPICON_NAME = AppIcon;
				ASSETCATALOG_COMPILER_GLOBAL_ACCENT_COLOR_NAME = AccentColor;
				CODE_SIGN_STYLE = Automatic;
				CURRENT_PROJECT_VERSION = 1;
				DEVELOPMENT_TEAM = L7X7X7HL8F;
				ENABLE_PREVIEWS = YES;
				GENERATE_INFOPLIST_FILE = YES;
				INFOPLIST_FILE = "$(TARGET_NAME)/Info.plist";
				LD_RUNPATH_SEARCH_PATHS = (
					"$(inherited)",
					"@executable_path/Frameworks",
				);
				MARKETING_VERSION = 1.0;
				PRODUCT_BUNDLE_IDENTIFIER = "rem5.Data-Viz-Demo1";
				PRODUCT_NAME = "$(TARGET_NAME)";
				SUPPORTED_PLATFORMS = "xros xrsimulator";
				SWIFT_EMIT_LOC_STRINGS = YES;
				SWIFT_VERSION = 5.0;
				TARGETED_DEVICE_FAMILY = 7;
			};
			name = Release;
		};
		29564C142E5A5A0D009688F7 /* Debug */ = {
			isa = XCBuildConfiguration;
			buildSettings = {
				ALWAYS_SEARCH_USER_PATHS = NO;
				ASSETCATALOG_COMPILER_GENERATE_SWIFT_ASSET_SYMBOL_EXTENSIONS = YES;
				CLANG_ANALYZER_NONNULL = YES;
				CLANG_ANALYZER_NUMBER_OBJECT_CONVERSION = YES_AGGRESSIVE;
				CLANG_CXX_LANGUAGE_STANDARD = "gnu++20";
				CLANG_ENABLE_MODULES = YES;
				CLANG_ENABLE_OBJC_ARC = YES;
				CLANG_ENABLE_OBJC_WEAK = YES;
				CLANG_WARN_BLOCK_CAPTURE_AUTORELEASING = YES;
				CLANG_WARN_BOOL_CONVERSION = YES;
				CLANG_WARN_COMMA = YES;
				CLANG_WARN_CONSTANT_CONVERSION = YES;
				CLANG_WARN_DEPRECATED_OBJC_IMPLEMENTATIONS = YES;
				CLANG_WARN_DIRECT_OBJC_ISA_USAGE = YES_ERROR;
				CLANG_WARN_DOCUMENTATION_COMMENTS = YES;
				CLANG_WARN_EMPTY_BODY = YES;
				CLANG_WARN_ENUM_CONVERSION = YES;
				CLANG_WARN_INFINITE_RECURSION = YES;
				CLANG_WARN_INT_CONVERSION = YES;
				CLANG_WARN_NON_LITERAL_NULL_CONVERSION = YES;
				CLANG_WARN_OBJC_IMPLICIT_RETAIN_SELF = YES;
				CLANG_WARN_OBJC_LITERAL_CONVERSION = YES;
				CLANG_WARN_OBJC_ROOT_CLASS = YES_ERROR;
				CLANG_WARN_QUOTED_INCLUDE_IN_FRAMEWORK_HEADER = YES;
				CLANG_WARN_RANGE_LOOP_ANALYSIS = YES;
				CLANG_WARN_STRICT_PROTOTYPES = YES;
				CLANG_WARN_SUSPICIOUS_MOVE = YES;
				CLANG_WARN_UNGUARDED_AVAILABILITY = YES_AGGRESSIVE;
				CLANG_WARN_UNREACHABLE_CODE = YES;
				CLANG_WARN__DUPLICATE_METHOD_MATCH = YES;
				COPY_PHASE_STRIP = NO;
				DEBUG_INFORMATION_FORMAT = dwarf;
				DEVELOPMENT_TEAM = L7X7X7HL8F;
				ENABLE_STRICT_OBJC_MSGSEND = YES;
				ENABLE_TESTABILITY = YES;
				ENABLE_USER_SCRIPT_SANDBOXING = YES;
				GCC_C_LANGUAGE_STANDARD = gnu17;
				GCC_DYNAMIC_NO_PIC = NO;
				GCC_NO_COMMON_BLOCKS = YES;
				GCC_OPTIMIZATION_LEVEL = 0;
				GCC_PREPROCESSOR_DEFINITIONS = (
					"DEBUG=1",
					"$(inherited)",
				);
				GCC_WARN_64_TO_32_BIT_CONVERSION = YES;
				GCC_WARN_ABOUT_RETURN_TYPE = YES_ERROR;
				GCC_WARN_UNDECLARED_SELECTOR = YES;
				GCC_WARN_UNINITIALIZED_AUTOS = YES_AGGRESSIVE;
				GCC_WARN_UNUSED_FUNCTION = YES;
				GCC_WARN_UNUSED_VARIABLE = YES;
				LOCALIZATION_PREFERS_STRING_CATALOGS = YES;
				MTL_ENABLE_DEBUG_INFO = INCLUDE_SOURCE;
				MTL_FAST_MATH = YES;
				ONLY_ACTIVE_ARCH = YES;
				SDKROOT = xros;
				SWIFT_ACTIVE_COMPILATION_CONDITIONS = "DEBUG $(inherited)";
				SWIFT_OPTIMIZATION_LEVEL = "-Onone";
				XROS_DEPLOYMENT_TARGET = 2.5;
			};
			name = Debug;
		};
		29564C152E5A5A0D009688F7 /* Release */ = {
			isa = XCBuildConfiguration;
			buildSettings = {
				ALWAYS_SEARCH_USER_PATHS = NO;
				ASSETCATALOG_COMPILER_GENERATE_SWIFT_ASSET_SYMBOL_EXTENSIONS = YES;
				CLANG_ANALYZER_NONNULL = YES;
				CLANG_ANALYZER_NUMBER_OBJECT_CONVERSION = YES_AGGRESSIVE;
				CLANG_CXX_LANGUAGE_STANDARD = "gnu++20";
				CLANG_ENABLE_MODULES = YES;
				CLANG_ENABLE_OBJC_ARC = YES;
				CLANG_ENABLE_OBJC_WEAK = YES;
				CLANG_WARN_BLOCK_CAPTURE_AUTORELEASING = YES;
				CLANG_WARN_BOOL_CONVERSION = YES;
				CLANG_WARN_COMMA = YES;
				CLANG_WARN_CONSTANT_CONVERSION = YES;
				CLANG_WARN_DEPRECATED_OBJC_IMPLEMENTATIONS = YES;
				CLANG_WARN_DIRECT_OBJC_ISA_USAGE = YES_ERROR;
				CLANG_WARN_DOCUMENTATION_COMMENTS = YES;
				CLANG_WARN_EMPTY_BODY = YES;
				CLANG_WARN_ENUM_CONVERSION = YES;
				CLANG_WARN_INFINITE_RECURSION = YES;
				CLANG_WARN_INT_CONVERSION = YES;
				CLANG_WARN_NON_LITERAL_NULL_CONVERSION = YES;
				CLANG_WARN_OBJC_IMPLICIT_RETAIN_SELF = YES;
				CLANG_WARN_OBJC_LITERAL_CONVERSION = YES;
				CLANG_WARN_OBJC_ROOT_CLASS = YES_ERROR;
				CLANG_WARN_QUOTED_INCLUDE_IN_FRAMEWORK_HEADER = YES;
				CLANG_WARN_RANGE_LOOP_ANALYSIS = YES;
				CLANG_WARN_STRICT_PROTOTYPES = YES;
				CLANG_WARN_SUSPICIOUS_MOVE = YES;
				CLANG_WARN_UNGUARDED_AVAILABILITY = YES_AGGRESSIVE;
				CLANG_WARN_UNREACHABLE_CODE = YES;
				CLANG_WARN__DUPLICATE_METHOD_MATCH = YES;
				COPY_PHASE_STRIP = NO;
				DEBUG_INFORMATION_FORMAT = "dwarf-with-dsym";
				DEVELOPMENT_TEAM = L7X7X7HL8F;
				ENABLE_NS_ASSERTIONS = NO;
				ENABLE_STRICT_OBJC_MSGSEND = YES;
				ENABLE_USER_SCRIPT_SANDBOXING = YES;
				GCC_C_LANGUAGE_STANDARD = gnu17;
				GCC_NO_COMMON_BLOCKS = YES;
				GCC_WARN_64_TO_32_BIT_CONVERSION = YES;
				GCC_WARN_ABOUT_RETURN_TYPE = YES_ERROR;
				GCC_WARN_UNDECLARED_SELECTOR = YES;
				GCC_WARN_UNINITIALIZED_AUTOS = YES_AGGRESSIVE;
				GCC_WARN_UNUSED_FUNCTION = YES;
				GCC_WARN_UNUSED_VARIABLE = YES;
				LOCALIZATION_PREFERS_STRING_CATALOGS = YES;
				MTL_ENABLE_DEBUG_INFO = NO;
				MTL_FAST_MATH = YES;
				SDKROOT = xros;
				SWIFT_COMPILATION_MODE = wholemodule;
				VALIDATE_PRODUCT = YES;
				XROS_DEPLOYMENT_TARGET = 2.5;
			};
			name = Release;
		};
		29564C172E5A5A0D009688F7 /* Debug */ = {
			isa = XCBuildConfiguration;
			buildSettings = {
				BUNDLE_LOADER = "$(TEST_HOST)";
				CODE_SIGN_STYLE = Automatic;
				CURRENT_PROJECT_VERSION = 1;
				DEVELOPMENT_TEAM = L7X7X7HL8F;
				GENERATE_INFOPLIST_FILE = YES;
				MARKETING_VERSION = 1.0;
				PRODUCT_BUNDLE_IDENTIFIER = "rem5.Data-Viz-Demo1Tests";
				PRODUCT_NAME = "$(TARGET_NAME)";
				SUPPORTED_PLATFORMS = "xros xrsimulator";
				SWIFT_EMIT_LOC_STRINGS = NO;
				SWIFT_VERSION = 5.0;
				TARGETED_DEVICE_FAMILY = 7;
				TEST_HOST = "$(BUILT_PRODUCTS_DIR)/Data_Viz_Demo1.app/$(BUNDLE_EXECUTABLE_FOLDER_PATH)/Data_Viz_Demo1";
				XROS_DEPLOYMENT_TARGET = 2.5;
			};
			name = Debug;
		};
		29564C182E5A5A0D009688F7 /* Release */ = {
			isa = XCBuildConfiguration;
			buildSettings = {
				BUNDLE_LOADER = "$(TEST_HOST)";
				CODE_SIGN_STYLE = Automatic;
				CURRENT_PROJECT_VERSION = 1;
				DEVELOPMENT_TEAM = L7X7X7HL8F;
				GENERATE_INFOPLIST_FILE = YES;
				MARKETING_VERSION = 1.0;
				PRODUCT_BUNDLE_IDENTIFIER = "rem5.Data-Viz-Demo1Tests";
				PRODUCT_NAME = "$(TARGET_NAME)";
				SUPPORTED_PLATFORMS = "xros xrsimulator";
				SWIFT_EMIT_LOC_STRINGS = NO;
				SWIFT_VERSION = 5.0;
				TARGETED_DEVICE_FAMILY = 7;
				TEST_HOST = "$(BUILT_PRODUCTS_DIR)/Data_Viz_Demo1.app/$(BUNDLE_EXECUTABLE_FOLDER_PATH)/Data_Viz_Demo1";
				XROS_DEPLOYMENT_TARGET = 2.5;
			};
			name = Release;
		};
/* End XCBuildConfiguration section */

/* Begin XCConfigurationList section */
		29564BE92E5A5A0D009688F7 /* Build configuration list for PBXProject "Data_Viz_Demo1" */ = {
			isa = XCConfigurationList;
			buildConfigurations = (
				29564C142E5A5A0D009688F7 /* Debug */,
				29564C152E5A5A0D009688F7 /* Release */,
			);
			defaultConfigurationIsVisible = 0;
			defaultConfigurationName = Release;
		};
		29564C112E5A5A0D009688F7 /* Build configuration list for PBXNativeTarget "Data_Viz_Demo1" */ = {
			isa = XCConfigurationList;
			buildConfigurations = (
				29564C122E5A5A0D009688F7 /* Debug */,
				29564C132E5A5A0D009688F7 /* Release */,
			);
			defaultConfigurationIsVisible = 0;
			defaultConfigurationName = Release;
		};
		29564C162E5A5A0D009688F7 /* Build configuration list for PBXNativeTarget "Data_Viz_Demo1Tests" */ = {
			isa = XCConfigurationList;
			buildConfigurations = (
				29564C172E5A5A0D009688F7 /* Debug */,
				29564C182E5A5A0D009688F7 /* Release */,
			);
			defaultConfigurationIsVisible = 0;
			defaultConfigurationName = Release;
		};
/* End XCConfigurationList section */

/* Begin XCSwiftPackageProductDependency section */
		29564BF32E5A5A0D009688F7 /* RealityKitContent */ = {
			isa = XCSwiftPackageProductDependency;
			productName = RealityKitContent;
		};
/* End XCSwiftPackageProductDependency section */
	};
	rootObject = 29564BE62E5A5A0D009688F7 /* Project object */;
}
